// !$*UTF8*$!
{
	archiveVersion = 1;
	classes = {
	};
	objectVersion = 46;
	objects = {

/* Begin PBXBuildFile section */
		849EC35E188E4A6400CAEA3D /* Foundation.framework in Frameworks */ = {isa = PBXBuildFile; fileRef = 849EC35D188E4A6400CAEA3D /* Foundation.framework */; };
		849EC360188E4A6400CAEA3D /* CoreGraphics.framework in Frameworks */ = {isa = PBXBuildFile; fileRef = 849EC35F188E4A6400CAEA3D /* CoreGraphics.framework */; };
		849EC362188E4A6400CAEA3D /* UIKit.framework in Frameworks */ = {isa = PBXBuildFile; fileRef = 849EC361188E4A6400CAEA3D /* UIKit.framework */; };
		849EC368188E4A6400CAEA3D /* InfoPlist.strings in Resources */ = {isa = PBXBuildFile; fileRef = 849EC366188E4A6400CAEA3D /* InfoPlist.strings */; };
		849EC36A188E4A6400CAEA3D /* main.m in Sources */ = {isa = PBXBuildFile; fileRef = 849EC369188E4A6400CAEA3D /* main.m */; };
		849EC36E188E4A6400CAEA3D /* ExampleAppDelegate.m in Sources */ = {isa = PBXBuildFile; fileRef = 849EC36D188E4A6400CAEA3D /* ExampleAppDelegate.m */; };
		849EC371188E4A6400CAEA3D /* Main.storyboard in Resources */ = {isa = PBXBuildFile; fileRef = 849EC36F188E4A6400CAEA3D /* Main.storyboard */; };
		849EC374188E4A6400CAEA3D /* ExampleViewController.m in Sources */ = {isa = PBXBuildFile; fileRef = 849EC373188E4A6400CAEA3D /* ExampleViewController.m */; };
		849EC376188E4A6400CAEA3D /* DemoImages.xcassets in Resources */ = {isa = PBXBuildFile; fileRef = 849EC375188E4A6400CAEA3D /* DemoImages.xcassets */; };
		849EC37D188E4A6400CAEA3D /* XCTest.framework in Frameworks */ = {isa = PBXBuildFile; fileRef = 849EC37C188E4A6400CAEA3D /* XCTest.framework */; };
		849EC37E188E4A6400CAEA3D /* Foundation.framework in Frameworks */ = {isa = PBXBuildFile; fileRef = 849EC35D188E4A6400CAEA3D /* Foundation.framework */; };
		849EC37F188E4A6400CAEA3D /* UIKit.framework in Frameworks */ = {isa = PBXBuildFile; fileRef = 849EC361188E4A6400CAEA3D /* UIKit.framework */; };
		849EC387188E4A6400CAEA3D /* InfoPlist.strings in Resources */ = {isa = PBXBuildFile; fileRef = 849EC385188E4A6400CAEA3D /* InfoPlist.strings */; };
		849EC389188E4A6400CAEA3D /* GHWalkThroughTests.m in Sources */ = {isa = PBXBuildFile; fileRef = 849EC388188E4A6400CAEA3D /* GHWalkThroughTests.m */; };
		A7984DFD1980667B00A60599 /* IDLWalkThroughFadingImageView.m in Sources */ = {isa = PBXBuildFile; fileRef = A7984DF81980667B00A60599 /* IDLWalkThroughFadingImageView.m */; };
		A7984DFE1980667B00A60599 /* IDLWalkThroughFadingImageView.m in Sources */ = {isa = PBXBuildFile; fileRef = A7984DF81980667B00A60599 /* IDLWalkThroughFadingImageView.m */; };
		A7984DFF1980667B00A60599 /* IDLWalkThroughPageCell.m in Sources */ = {isa = PBXBuildFile; fileRef = A7984DFA1980667B00A60599 /* IDLWalkThroughPageCell.m */; };
		A7984E001980667B00A60599 /* IDLWalkThroughPageCell.m in Sources */ = {isa = PBXBuildFile; fileRef = A7984DFA1980667B00A60599 /* IDLWalkThroughPageCell.m */; };
		A7984E011980667B00A60599 /* IDLWalkThroughView.m in Sources */ = {isa = PBXBuildFile; fileRef = A7984DFC1980667B00A60599 /* IDLWalkThroughView.m */; };
		A7984E021980667B00A60599 /* IDLWalkThroughView.m in Sources */ = {isa = PBXBuildFile; fileRef = A7984DFC1980667B00A60599 /* IDLWalkThroughView.m */; };
		A7984E11198067BD00A60599 /* bg_01.jpg in Resources */ = {isa = PBXBuildFile; fileRef = A7984E04198067BD00A60599 /* bg_01.jpg */; };
		A7984E12198067BD00A60599 /* bg_01.jpg in Resources */ = {isa = PBXBuildFile; fileRef = A7984E04198067BD00A60599 /* bg_01.jpg */; };
		A7984E13198067BD00A60599 /* bg_02.jpg in Resources */ = {isa = PBXBuildFile; fileRef = A7984E05198067BD00A60599 /* bg_02.jpg */; };
		A7984E14198067BD00A60599 /* bg_02.jpg in Resources */ = {isa = PBXBuildFile; fileRef = A7984E05198067BD00A60599 /* bg_02.jpg */; };
		A7984E15198067BD00A60599 /* bg_03.jpg in Resources */ = {isa = PBXBuildFile; fileRef = A7984E06198067BD00A60599 /* bg_03.jpg */; };
		A7984E16198067BD00A60599 /* bg_03.jpg in Resources */ = {isa = PBXBuildFile; fileRef = A7984E06198067BD00A60599 /* bg_03.jpg */; };
		A7984E17198067BD00A60599 /* bg_04.jpg in Resources */ = {isa = PBXBuildFile; fileRef = A7984E07198067BD00A60599 /* bg_04.jpg */; };
		A7984E18198067BD00A60599 /* bg_04.jpg in Resources */ = {isa = PBXBuildFile; fileRef = A7984E07198067BD00A60599 /* bg_04.jpg */; };
		A7984E19198067BD00A60599 /* bg_05.jpg in Resources */ = {isa = PBXBuildFile; fileRef = A7984E08198067BD00A60599 /* bg_05.jpg */; };
		A7984E1A198067BD00A60599 /* bg_05.jpg in Resources */ = {isa = PBXBuildFile; fileRef = A7984E08198067BD00A60599 /* bg_05.jpg */; };
		A7984E1B198067BD00A60599 /* overlay_01@2x.png in Resources */ = {isa = PBXBuildFile; fileRef = A7984E09198067BD00A60599 /* overlay_01@2x.png */; };
		A7984E1C198067BD00A60599 /* overlay_01@2x.png in Resources */ = {isa = PBXBuildFile; fileRef = A7984E09198067BD00A60599 /* overlay_01@2x.png */; };
		A7984E1D198067BD00A60599 /* overlay_02@2x.png in Resources */ = {isa = PBXBuildFile; fileRef = A7984E0A198067BD00A60599 /* overlay_02@2x.png */; };
		A7984E1E198067BD00A60599 /* overlay_02@2x.png in Resources */ = {isa = PBXBuildFile; fileRef = A7984E0A198067BD00A60599 /* overlay_02@2x.png */; };
		A7984E1F198067BD00A60599 /* static_bg_01.png in Resources */ = {isa = PBXBuildFile; fileRef = A7984E0B198067BD00A60599 /* static_bg_01.png */; };
		A7984E20198067BD00A60599 /* static_bg_01.png in Resources */ = {isa = PBXBuildFile; fileRef = A7984E0B198067BD00A60599 /* static_bg_01.png */; };
		A7984E21198067BD00A60599 /* title1@2x.png in Resources */ = {isa = PBXBuildFile; fileRef = A7984E0C198067BD00A60599 /* title1@2x.png */; };
		A7984E22198067BD00A60599 /* title1@2x.png in Resources */ = {isa = PBXBuildFile; fileRef = A7984E0C198067BD00A60599 /* title1@2x.png */; };
		A7984E23198067BD00A60599 /* title2@2x.png in Resources */ = {isa = PBXBuildFile; fileRef = A7984E0D198067BD00A60599 /* title2@2x.png */; };
		A7984E24198067BD00A60599 /* title2@2x.png in Resources */ = {isa = PBXBuildFile; fileRef = A7984E0D198067BD00A60599 /* title2@2x.png */; };
		A7984E25198067BD00A60599 /* title3@2x.png in Resources */ = {isa = PBXBuildFile; fileRef = A7984E0E198067BD00A60599 /* title3@2x.png */; };
		A7984E26198067BD00A60599 /* title3@2x.png in Resources */ = {isa = PBXBuildFile; fileRef = A7984E0E198067BD00A60599 /* title3@2x.png */; };
		A7984E27198067BD00A60599 /* title4@2x.png in Resources */ = {isa = PBXBuildFile; fileRef = A7984E0F198067BD00A60599 /* title4@2x.png */; };
		A7984E28198067BD00A60599 /* title4@2x.png in Resources */ = {isa = PBXBuildFile; fileRef = A7984E0F198067BD00A60599 /* title4@2x.png */; };
		A7984E29198067BD00A60599 /* title5@2x.png in Resources */ = {isa = PBXBuildFile; fileRef = A7984E10198067BD00A60599 /* title5@2x.png */; };
		A7984E2A198067BD00A60599 /* title5@2x.png in Resources */ = {isa = PBXBuildFile; fileRef = A7984E10198067BD00A60599 /* title5@2x.png */; };
/* End PBXBuildFile section */

/* Begin PBXContainerItemProxy section */
		849EC380188E4A6400CAEA3D /* PBXContainerItemProxy */ = {
			isa = PBXContainerItemProxy;
			containerPortal = 849EC352188E4A6400CAEA3D /* Project object */;
			proxyType = 1;
			remoteGlobalIDString = 849EC359188E4A6400CAEA3D;
			remoteInfo = GHWalkThrough;
		};
/* End PBXContainerItemProxy section */

/* Begin PBXFileReference section */
		849EC35A188E4A6400CAEA3D /* IDLWalkThroughExample.app */ = {isa = PBXFileReference; explicitFileType = wrapper.application; includeInIndex = 0; path = IDLWalkThroughExample.app; sourceTree = BUILT_PRODUCTS_DIR; };
		849EC35D188E4A6400CAEA3D /* Foundation.framework */ = {isa = PBXFileReference; lastKnownFileType = wrapper.framework; name = Foundation.framework; path = System/Library/Frameworks/Foundation.framework; sourceTree = SDKROOT; };
		849EC35F188E4A6400CAEA3D /* CoreGraphics.framework */ = {isa = PBXFileReference; lastKnownFileType = wrapper.framework; name = CoreGraphics.framework; path = System/Library/Frameworks/CoreGraphics.framework; sourceTree = SDKROOT; };
		849EC361188E4A6400CAEA3D /* UIKit.framework */ = {isa = PBXFileReference; lastKnownFileType = wrapper.framework; name = UIKit.framework; path = System/Library/Frameworks/UIKit.framework; sourceTree = SDKROOT; };
		849EC365188E4A6400CAEA3D /* IDLWalkThroughExample-Info.plist */ = {isa = PBXFileReference; lastKnownFileType = text.plist.xml; name = "IDLWalkThroughExample-Info.plist"; path = "../Example/IDLWalkThroughExample-Info.plist"; sourceTree = "<group>"; };
		849EC367188E4A6400CAEA3D /* en */ = {isa = PBXFileReference; lastKnownFileType = text.plist.strings; name = en; path = en.lproj/InfoPlist.strings; sourceTree = "<group>"; };
		849EC369188E4A6400CAEA3D /* main.m */ = {isa = PBXFileReference; lastKnownFileType = sourcecode.c.objc; name = main.m; path = ../Example/main.m; sourceTree = "<group>"; };
		849EC36C188E4A6400CAEA3D /* ExampleAppDelegate.h */ = {isa = PBXFileReference; lastKnownFileType = sourcecode.c.h; name = ExampleAppDelegate.h; path = ../Example/ExampleAppDelegate.h; sourceTree = "<group>"; };
		849EC36D188E4A6400CAEA3D /* ExampleAppDelegate.m */ = {isa = PBXFileReference; lastKnownFileType = sourcecode.c.objc; name = ExampleAppDelegate.m; path = ../Example/ExampleAppDelegate.m; sourceTree = "<group>"; };
		849EC370188E4A6400CAEA3D /* Base */ = {isa = PBXFileReference; lastKnownFileType = file.storyboard; name = Base; path = Base.lproj/Main.storyboard; sourceTree = "<group>"; };
		849EC372188E4A6400CAEA3D /* ExampleViewController.h */ = {isa = PBXFileReference; lastKnownFileType = sourcecode.c.h; name = ExampleViewController.h; path = ../Example/ExampleViewController.h; sourceTree = "<group>"; };
		849EC373188E4A6400CAEA3D /* ExampleViewController.m */ = {isa = PBXFileReference; lastKnownFileType = sourcecode.c.objc; name = ExampleViewController.m; path = ../Example/ExampleViewController.m; sourceTree = "<group>"; };
		849EC375188E4A6400CAEA3D /* DemoImages.xcassets */ = {isa = PBXFileReference; lastKnownFileType = folder.assetcatalog; name = DemoImages.xcassets; path = ../Example/DemoImages.xcassets; sourceTree = "<group>"; };
		849EC37B188E4A6400CAEA3D /* IDLWalkThroughExampleTests.xctest */ = {isa = PBXFileReference; explicitFileType = wrapper.cfbundle; includeInIndex = 0; path = IDLWalkThroughExampleTests.xctest; sourceTree = BUILT_PRODUCTS_DIR; };
		849EC37C188E4A6400CAEA3D /* XCTest.framework */ = {isa = PBXFileReference; lastKnownFileType = wrapper.framework; name = XCTest.framework; path = Library/Frameworks/XCTest.framework; sourceTree = DEVELOPER_DIR; };
		849EC384188E4A6400CAEA3D /* IDLWalkThroughTests-Info.plist */ = {isa = PBXFileReference; lastKnownFileType = text.plist.xml; path = "IDLWalkThroughTests-Info.plist"; sourceTree = "<group>"; };
		849EC386188E4A6400CAEA3D /* en */ = {isa = PBXFileReference; lastKnownFileType = text.plist.strings; name = en; path = en.lproj/InfoPlist.strings; sourceTree = "<group>"; };
		849EC388188E4A6400CAEA3D /* GHWalkThroughTests.m */ = {isa = PBXFileReference; lastKnownFileType = sourcecode.c.objc; path = GHWalkThroughTests.m; sourceTree = "<group>"; };
		A7984DEF197FC6DB00A60599 /* IDLWalkThroughExample-Prefix.pch */ = {isa = PBXFileReference; fileEncoding = 4; lastKnownFileType = sourcecode.c.h; name = "IDLWalkThroughExample-Prefix.pch"; path = "../Example/IDLWalkThroughExample-Prefix.pch"; sourceTree = "<group>"; };
		A7984DF71980667B00A60599 /* IDLWalkThroughFadingImageView.h */ = {isa = PBXFileReference; fileEncoding = 4; lastKnownFileType = sourcecode.c.h; path = IDLWalkThroughFadingImageView.h; sourceTree = "<group>"; };
		A7984DF81980667B00A60599 /* IDLWalkThroughFadingImageView.m */ = {isa = PBXFileReference; fileEncoding = 4; lastKnownFileType = sourcecode.c.objc; path = IDLWalkThroughFadingImageView.m; sourceTree = "<group>"; };
		A7984DF91980667B00A60599 /* IDLWalkThroughPageCell.h */ = {isa = PBXFileReference; fileEncoding = 4; lastKnownFileType = sourcecode.c.h; path = IDLWalkThroughPageCell.h; sourceTree = "<group>"; };
		A7984DFA1980667B00A60599 /* IDLWalkThroughPageCell.m */ = {isa = PBXFileReference; fileEncoding = 4; lastKnownFileType = sourcecode.c.objc; path = IDLWalkThroughPageCell.m; sourceTree = "<group>"; };
		A7984DFB1980667B00A60599 /* IDLWalkThroughView.h */ = {isa = PBXFileReference; fileEncoding = 4; lastKnownFileType = sourcecode.c.h; path = IDLWalkThroughView.h; sourceTree = "<group>"; };
		A7984DFC1980667B00A60599 /* IDLWalkThroughView.m */ = {isa = PBXFileReference; fileEncoding = 4; lastKnownFileType = sourcecode.c.objc; path = IDLWalkThroughView.m; sourceTree = "<group>"; };
		A7984E04198067BD00A60599 /* bg_01.jpg */ = {isa = PBXFileReference; lastKnownFileType = image.jpeg; path = bg_01.jpg; sourceTree = "<group>"; };
		A7984E05198067BD00A60599 /* bg_02.jpg */ = {isa = PBXFileReference; lastKnownFileType = image.jpeg; path = bg_02.jpg; sourceTree = "<group>"; };
		A7984E06198067BD00A60599 /* bg_03.jpg */ = {isa = PBXFileReference; lastKnownFileType = image.jpeg; path = bg_03.jpg; sourceTree = "<group>"; };
		A7984E07198067BD00A60599 /* bg_04.jpg */ = {isa = PBXFileReference; lastKnownFileType = image.jpeg; path = bg_04.jpg; sourceTree = "<group>"; };
		A7984E08198067BD00A60599 /* bg_05.jpg */ = {isa = PBXFileReference; lastKnownFileType = image.jpeg; path = bg_05.jpg; sourceTree = "<group>"; };
		A7984E09198067BD00A60599 /* overlay_01@2x.png */ = {isa = PBXFileReference; lastKnownFileType = image.png; path = "overlay_01@2x.png"; sourceTree = "<group>"; };
		A7984E0A198067BD00A60599 /* overlay_02@2x.png */ = {isa = PBXFileReference; lastKnownFileType = image.png; path = "overlay_02@2x.png"; sourceTree = "<group>"; };
		A7984E0B198067BD00A60599 /* static_bg_01.png */ = {isa = PBXFileReference; lastKnownFileType = image.png; path = static_bg_01.png; sourceTree = "<group>"; };
		A7984E0C198067BD00A60599 /* title1@2x.png */ = {isa = PBXFileReference; lastKnownFileType = image.png; path = "title1@2x.png"; sourceTree = "<group>"; };
		A7984E0D198067BD00A60599 /* title2@2x.png */ = {isa = PBXFileReference; lastKnownFileType = image.png; path = "title2@2x.png"; sourceTree = "<group>"; };
		A7984E0E198067BD00A60599 /* title3@2x.png */ = {isa = PBXFileReference; lastKnownFileType = image.png; path = "title3@2x.png"; sourceTree = "<group>"; };
		A7984E0F198067BD00A60599 /* title4@2x.png */ = {isa = PBXFileReference; lastKnownFileType = image.png; path = "title4@2x.png"; sourceTree = "<group>"; };
		A7984E10198067BD00A60599 /* title5@2x.png */ = {isa = PBXFileReference; lastKnownFileType = image.png; path = "title5@2x.png"; sourceTree = "<group>"; };
/* End PBXFileReference section */

/* Begin PBXFrameworksBuildPhase section */
		849EC357188E4A6400CAEA3D /* Frameworks */ = {
			isa = PBXFrameworksBuildPhase;
			buildActionMask = 2147483647;
			files = (
				849EC360188E4A6400CAEA3D /* CoreGraphics.framework in Frameworks */,
				849EC362188E4A6400CAEA3D /* UIKit.framework in Frameworks */,
				849EC35E188E4A6400CAEA3D /* Foundation.framework in Frameworks */,
			);
			runOnlyForDeploymentPostprocessing = 0;
		};
		849EC378188E4A6400CAEA3D /* Frameworks */ = {
			isa = PBXFrameworksBuildPhase;
			buildActionMask = 2147483647;
			files = (
				849EC37D188E4A6400CAEA3D /* XCTest.framework in Frameworks */,
				849EC37F188E4A6400CAEA3D /* UIKit.framework in Frameworks */,
				849EC37E188E4A6400CAEA3D /* Foundation.framework in Frameworks */,
			);
			runOnlyForDeploymentPostprocessing = 0;
		};
/* End PBXFrameworksBuildPhase section */

/* Begin PBXGroup section */
		849EC351188E4A6400CAEA3D = {
			isa = PBXGroup;
			children = (
				849EC363188E4A6400CAEA3D /* Example */,
				849EC382188E4A6400CAEA3D /* IDLWalkThroughTests */,
				849EC35C188E4A6400CAEA3D /* Frameworks */,
				849EC35B188E4A6400CAEA3D /* Products */,
			);
			sourceTree = "<group>";
		};
		849EC35B188E4A6400CAEA3D /* Products */ = {
			isa = PBXGroup;
			children = (
				849EC35A188E4A6400CAEA3D /* IDLWalkThroughExample.app */,
				849EC37B188E4A6400CAEA3D /* IDLWalkThroughExampleTests.xctest */,
			);
			name = Products;
			sourceTree = "<group>";
		};
		849EC35C188E4A6400CAEA3D /* Frameworks */ = {
			isa = PBXGroup;
			children = (
				849EC35D188E4A6400CAEA3D /* Foundation.framework */,
				849EC35F188E4A6400CAEA3D /* CoreGraphics.framework */,
				849EC361188E4A6400CAEA3D /* UIKit.framework */,
				849EC37C188E4A6400CAEA3D /* XCTest.framework */,
			);
			name = Frameworks;
			sourceTree = "<group>";
		};
		849EC363188E4A6400CAEA3D /* Example */ = {
			isa = PBXGroup;
			children = (
				A7984DF61980667B00A60599 /* IDLWalkThrough */,
				849EC36C188E4A6400CAEA3D /* ExampleAppDelegate.h */,
				849EC36D188E4A6400CAEA3D /* ExampleAppDelegate.m */,
				849EC36F188E4A6400CAEA3D /* Main.storyboard */,
				849EC372188E4A6400CAEA3D /* ExampleViewController.h */,
				849EC373188E4A6400CAEA3D /* ExampleViewController.m */,
				849EC375188E4A6400CAEA3D /* DemoImages.xcassets */,
				849EC364188E4A6400CAEA3D /* Supporting Files */,
			);
			name = Example;
			path = IDLWalkThrough;
			sourceTree = "<group>";
		};
		849EC364188E4A6400CAEA3D /* Supporting Files */ = {
			isa = PBXGroup;
			children = (
				A7984E03198067BD00A60599 /* Images */,
				849EC365188E4A6400CAEA3D /* IDLWalkThroughExample-Info.plist */,
				849EC366188E4A6400CAEA3D /* InfoPlist.strings */,
				849EC369188E4A6400CAEA3D /* main.m */,
				A7984DEF197FC6DB00A60599 /* IDLWalkThroughExample-Prefix.pch */,
			);
			name = "Supporting Files";
			sourceTree = "<group>";
		};
		849EC382188E4A6400CAEA3D /* IDLWalkThroughTests */ = {
			isa = PBXGroup;
			children = (
				849EC388188E4A6400CAEA3D /* GHWalkThroughTests.m */,
				849EC383188E4A6400CAEA3D /* Supporting Files */,
			);
			path = IDLWalkThroughTests;
			sourceTree = "<group>";
		};
		849EC383188E4A6400CAEA3D /* Supporting Files */ = {
			isa = PBXGroup;
			children = (
				849EC384188E4A6400CAEA3D /* IDLWalkThroughTests-Info.plist */,
				849EC385188E4A6400CAEA3D /* InfoPlist.strings */,
			);
			name = "Supporting Files";
			sourceTree = "<group>";
		};
		A7984DF61980667B00A60599 /* IDLWalkThrough */ = {
			isa = PBXGroup;
			children = (
				A7984DF71980667B00A60599 /* IDLWalkThroughFadingImageView.h */,
				A7984DF81980667B00A60599 /* IDLWalkThroughFadingImageView.m */,
				A7984DF91980667B00A60599 /* IDLWalkThroughPageCell.h */,
				A7984DFA1980667B00A60599 /* IDLWalkThroughPageCell.m */,
				A7984DFB1980667B00A60599 /* IDLWalkThroughView.h */,
				A7984DFC1980667B00A60599 /* IDLWalkThroughView.m */,
			);
			name = IDLWalkThrough;
			sourceTree = "<group>";
		};
		A7984E03198067BD00A60599 /* Images */ = {
			isa = PBXGroup;
			children = (
				A7984E04198067BD00A60599 /* bg_01.jpg */,
				A7984E05198067BD00A60599 /* bg_02.jpg */,
				A7984E06198067BD00A60599 /* bg_03.jpg */,
				A7984E07198067BD00A60599 /* bg_04.jpg */,
				A7984E08198067BD00A60599 /* bg_05.jpg */,
				A7984E09198067BD00A60599 /* overlay_01@2x.png */,
				A7984E0A198067BD00A60599 /* overlay_02@2x.png */,
				A7984E0B198067BD00A60599 /* static_bg_01.png */,
				A7984E0C198067BD00A60599 /* title1@2x.png */,
				A7984E0D198067BD00A60599 /* title2@2x.png */,
				A7984E0E198067BD00A60599 /* title3@2x.png */,
				A7984E0F198067BD00A60599 /* title4@2x.png */,
				A7984E10198067BD00A60599 /* title5@2x.png */,
			);
			name = Images;
			path = Example/Images;
			sourceTree = SOURCE_ROOT;
		};
/* End PBXGroup section */

/* Begin PBXNativeTarget section */
		849EC359188E4A6400CAEA3D /* IDLWalkThroughExample */ = {
			isa = PBXNativeTarget;
			buildConfigurationList = 849EC38C188E4A6400CAEA3D /* Build configuration list for PBXNativeTarget "IDLWalkThroughExample" */;
			buildPhases = (
				849EC356188E4A6400CAEA3D /* Sources */,
				849EC357188E4A6400CAEA3D /* Frameworks */,
				849EC358188E4A6400CAEA3D /* Resources */,
			);
			buildRules = (
			);
			dependencies = (
			);
			name = IDLWalkThroughExample;
			productName = GHWalkThrough;
			productReference = 849EC35A188E4A6400CAEA3D /* IDLWalkThroughExample.app */;
			productType = "com.apple.product-type.application";
		};
		849EC37A188E4A6400CAEA3D /* IDLWalkThroughExampleTests */ = {
			isa = PBXNativeTarget;
			buildConfigurationList = 849EC38F188E4A6400CAEA3D /* Build configuration list for PBXNativeTarget "IDLWalkThroughExampleTests" */;
			buildPhases = (
				849EC377188E4A6400CAEA3D /* Sources */,
				849EC378188E4A6400CAEA3D /* Frameworks */,
				849EC379188E4A6400CAEA3D /* Resources */,
			);
			buildRules = (
			);
			dependencies = (
				849EC381188E4A6400CAEA3D /* PBXTargetDependency */,
			);
			name = IDLWalkThroughExampleTests;
			productName = GHWalkThroughTests;
			productReference = 849EC37B188E4A6400CAEA3D /* IDLWalkThroughExampleTests.xctest */;
			productType = "com.apple.product-type.bundle.unit-test";
		};
/* End PBXNativeTarget section */

/* Begin PBXProject section */
		849EC352188E4A6400CAEA3D /* Project object */ = {
			isa = PBXProject;
			attributes = {
				CLASSPREFIX = GH;
				LastUpgradeCheck = 0500;
				ORGANIZATIONNAME = Tapasya;
				TargetAttributes = {
					849EC37A188E4A6400CAEA3D = {
						TestTargetID = 849EC359188E4A6400CAEA3D;
					};
				};
			};
			buildConfigurationList = 849EC355188E4A6400CAEA3D /* Build configuration list for PBXProject "IDLWalkThroughExample" */;
			compatibilityVersion = "Xcode 3.2";
			developmentRegion = English;
			hasScannedForEncodings = 0;
			knownRegions = (
				en,
				Base,
			);
			mainGroup = 849EC351188E4A6400CAEA3D;
			productRefGroup = 849EC35B188E4A6400CAEA3D /* Products */;
			projectDirPath = "";
			projectRoot = "";
			targets = (
				849EC359188E4A6400CAEA3D /* IDLWalkThroughExample */,
				849EC37A188E4A6400CAEA3D /* IDLWalkThroughExampleTests */,
			);
		};
/* End PBXProject section */

/* Begin PBXResourcesBuildPhase section */
		849EC358188E4A6400CAEA3D /* Resources */ = {
			isa = PBXResourcesBuildPhase;
			buildActionMask = 2147483647;
			files = (
				A7984E19198067BD00A60599 /* bg_05.jpg in Resources */,
				A7984E17198067BD00A60599 /* bg_04.jpg in Resources */,
				A7984E13198067BD00A60599 /* bg_02.jpg in Resources */,
				A7984E1F198067BD00A60599 /* static_bg_01.png in Resources */,
				A7984E1B198067BD00A60599 /* overlay_01@2x.png in Resources */,
				A7984E27198067BD00A60599 /* title4@2x.png in Resources */,
				A7984E1D198067BD00A60599 /* overlay_02@2x.png in Resources */,
				A7984E21198067BD00A60599 /* title1@2x.png in Resources */,
				849EC376188E4A6400CAEA3D /* DemoImages.xcassets in Resources */,
				A7984E23198067BD00A60599 /* title2@2x.png in Resources */,
				A7984E29198067BD00A60599 /* title5@2x.png in Resources */,
				A7984E25198067BD00A60599 /* title3@2x.png in Resources */,
				A7984E15198067BD00A60599 /* bg_03.jpg in Resources */,
				A7984E11198067BD00A60599 /* bg_01.jpg in Resources */,
				849EC368188E4A6400CAEA3D /* InfoPlist.strings in Resources */,
				849EC371188E4A6400CAEA3D /* Main.storyboard in Resources */,
			);
			runOnlyForDeploymentPostprocessing = 0;
		};
		849EC379188E4A6400CAEA3D /* Resources */ = {
			isa = PBXResourcesBuildPhase;
			buildActionMask = 2147483647;
			files = (
				A7984E18198067BD00A60599 /* bg_04.jpg in Resources */,
				A7984E1E198067BD00A60599 /* overlay_02@2x.png in Resources */,
				A7984E1C198067BD00A60599 /* overlay_01@2x.png in Resources */,
				A7984E26198067BD00A60599 /* title3@2x.png in Resources */,
				A7984E20198067BD00A60599 /* static_bg_01.png in Resources */,
				A7984E2A198067BD00A60599 /* title5@2x.png in Resources */,
				A7984E14198067BD00A60599 /* bg_02.jpg in Resources */,
				A7984E24198067BD00A60599 /* title2@2x.png in Resources */,
				A7984E22198067BD00A60599 /* title1@2x.png in Resources */,
				849EC387188E4A6400CAEA3D /* InfoPlist.strings in Resources */,
				A7984E1A198067BD00A60599 /* bg_05.jpg in Resources */,
				A7984E28198067BD00A60599 /* title4@2x.png in Resources */,
				A7984E12198067BD00A60599 /* bg_01.jpg in Resources */,
				A7984E16198067BD00A60599 /* bg_03.jpg in Resources */,
			);
			runOnlyForDeploymentPostprocessing = 0;
		};
/* End PBXResourcesBuildPhase section */

/* Begin PBXSourcesBuildPhase section */
		849EC356188E4A6400CAEA3D /* Sources */ = {
			isa = PBXSourcesBuildPhase;
			buildActionMask = 2147483647;
			files = (
				A7984DFF1980667B00A60599 /* IDLWalkThroughPageCell.m in Sources */,
				849EC36A188E4A6400CAEA3D /* main.m in Sources */,
				A7984E011980667B00A60599 /* IDLWalkThroughView.m in Sources */,
				849EC374188E4A6400CAEA3D /* ExampleViewController.m in Sources */,
				849EC36E188E4A6400CAEA3D /* ExampleAppDelegate.m in Sources */,
				A7984DFD1980667B00A60599 /* IDLWalkThroughFadingImageView.m in Sources */,
			);
			runOnlyForDeploymentPostprocessing = 0;
		};
		849EC377188E4A6400CAEA3D /* Sources */ = {
			isa = PBXSourcesBuildPhase;
			buildActionMask = 2147483647;
			files = (
				A7984E001980667B00A60599 /* IDLWalkThroughPageCell.m in Sources */,
				A7984DFE1980667B00A60599 /* IDLWalkThroughFadingImageView.m in Sources */,
				849EC389188E4A6400CAEA3D /* GHWalkThroughTests.m in Sources */,
				A7984E021980667B00A60599 /* IDLWalkThroughView.m in Sources */,
			);
			runOnlyForDeploymentPostprocessing = 0;
		};
/* End PBXSourcesBuildPhase section */

/* Begin PBXTargetDependency section */
		849EC381188E4A6400CAEA3D /* PBXTargetDependency */ = {
			isa = PBXTargetDependency;
			target = 849EC359188E4A6400CAEA3D /* IDLWalkThroughExample */;
			targetProxy = 849EC380188E4A6400CAEA3D /* PBXContainerItemProxy */;
		};
/* End PBXTargetDependency section */

/* Begin PBXVariantGroup section */
		849EC366188E4A6400CAEA3D /* InfoPlist.strings */ = {
			isa = PBXVariantGroup;
			children = (
				849EC367188E4A6400CAEA3D /* en */,
			);
			name = InfoPlist.strings;
			path = ../Example;
			sourceTree = "<group>";
		};
		849EC36F188E4A6400CAEA3D /* Main.storyboard */ = {
			isa = PBXVariantGroup;
			children = (
				849EC370188E4A6400CAEA3D /* Base */,
			);
			name = Main.storyboard;
			path = ../Example;
			sourceTree = "<group>";
		};
		849EC385188E4A6400CAEA3D /* InfoPlist.strings */ = {
			isa = PBXVariantGroup;
			children = (
				849EC386188E4A6400CAEA3D /* en */,
			);
			name = InfoPlist.strings;
			sourceTree = "<group>";
		};
/* End PBXVariantGroup section */

/* Begin XCBuildConfiguration section */
		849EC38A188E4A6400CAEA3D /* Debug */ = {
			isa = XCBuildConfiguration;
			buildSettings = {
				ALWAYS_SEARCH_USER_PATHS = NO;
				ARCHS = "$(ARCHS_STANDARD_INCLUDING_64_BIT)";
				CLANG_CXX_LANGUAGE_STANDARD = "gnu++0x";
				CLANG_CXX_LIBRARY = "libc++";
				CLANG_ENABLE_MODULES = YES;
				CLANG_ENABLE_OBJC_ARC = YES;
				CLANG_WARN_BOOL_CONVERSION = YES;
				CLANG_WARN_CONSTANT_CONVERSION = YES;
				CLANG_WARN_DIRECT_OBJC_ISA_USAGE = YES_ERROR;
				CLANG_WARN_EMPTY_BODY = YES;
				CLANG_WARN_ENUM_CONVERSION = YES;
				CLANG_WARN_INT_CONVERSION = YES;
				CLANG_WARN_OBJC_ROOT_CLASS = YES_ERROR;
				CLANG_WARN__DUPLICATE_METHOD_MATCH = YES;
				"CODE_SIGN_IDENTITY[sdk=iphoneos*]" = "iPhone Developer";
				COPY_PHASE_STRIP = NO;
				GCC_C_LANGUAGE_STANDARD = gnu99;
				GCC_DYNAMIC_NO_PIC = NO;
				GCC_OPTIMIZATION_LEVEL = 0;
				GCC_PREPROCESSOR_DEFINITIONS = (
					"DEBUG=1",
					"$(inherited)",
				);
				GCC_SYMBOLS_PRIVATE_EXTERN = NO;
				GCC_WARN_64_TO_32_BIT_CONVERSION = YES;
				GCC_WARN_ABOUT_RETURN_TYPE = YES_ERROR;
				GCC_WARN_UNDECLARED_SELECTOR = YES;
				GCC_WARN_UNINITIALIZED_AUTOS = YES;
				GCC_WARN_UNUSED_FUNCTION = YES;
				GCC_WARN_UNUSED_VARIABLE = YES;
				IPHONEOS_DEPLOYMENT_TARGET = 7.0;
				ONLY_ACTIVE_ARCH = YES;
				SDKROOT = iphoneos;
			};
			name = Debug;
		};
		849EC38B188E4A6400CAEA3D /* Release */ = {
			isa = XCBuildConfiguration;
			buildSettings = {
				ALWAYS_SEARCH_USER_PATHS = NO;
				ARCHS = "$(ARCHS_STANDARD_INCLUDING_64_BIT)";
				CLANG_CXX_LANGUAGE_STANDARD = "gnu++0x";
				CLANG_CXX_LIBRARY = "libc++";
				CLANG_ENABLE_MODULES = YES;
				CLANG_ENABLE_OBJC_ARC = YES;
				CLANG_WARN_BOOL_CONVERSION = YES;
				CLANG_WARN_CONSTANT_CONVERSION = YES;
				CLANG_WARN_DIRECT_OBJC_ISA_USAGE = YES_ERROR;
				CLANG_WARN_EMPTY_BODY = YES;
				CLANG_WARN_ENUM_CONVERSION = YES;
				CLANG_WARN_INT_CONVERSION = YES;
				CLANG_WARN_OBJC_ROOT_CLASS = YES_ERROR;
				CLANG_WARN__DUPLICATE_METHOD_MATCH = YES;
				"CODE_SIGN_IDENTITY[sdk=iphoneos*]" = "iPhone Developer";
				COPY_PHASE_STRIP = YES;
				ENABLE_NS_ASSERTIONS = NO;
				GCC_C_LANGUAGE_STANDARD = gnu99;
				GCC_WARN_64_TO_32_BIT_CONVERSION = YES;
				GCC_WARN_ABOUT_RETURN_TYPE = YES_ERROR;
				GCC_WARN_UNDECLARED_SELECTOR = YES;
				GCC_WARN_UNINITIALIZED_AUTOS = YES;
				GCC_WARN_UNUSED_FUNCTION = YES;
				GCC_WARN_UNUSED_VARIABLE = YES;
				IPHONEOS_DEPLOYMENT_TARGET = 7.0;
				SDKROOT = iphoneos;
				VALIDATE_PRODUCT = YES;
			};
			name = Release;
		};
		849EC38D188E4A6400CAEA3D /* Debug */ = {
			isa = XCBuildConfiguration;
			buildSettings = {
				ASSETCATALOG_COMPILER_APPICON_NAME = AppIcon;
				ASSETCATALOG_COMPILER_LAUNCHIMAGE_NAME = LaunchImage;
				GCC_PRECOMPILE_PREFIX_HEADER = YES;
				GCC_PREFIX_HEADER = "Example/IDLWalkThroughExample-Prefix.pch";
				INFOPLIST_FILE = "Example/IDLWalkThroughExample-Info.plist";
				IPHONEOS_DEPLOYMENT_TARGET = 6.0;
				PRODUCT_NAME = IDLWalkThroughExample;
				TARGETED_DEVICE_FAMILY = "1,2";
				WRAPPER_EXTENSION = app;
			};
			name = Debug;
		};
		849EC38E188E4A6400CAEA3D /* Release */ = {
			isa = XCBuildConfiguration;
			buildSettings = {
				ASSETCATALOG_COMPILER_APPICON_NAME = AppIcon;
				ASSETCATALOG_COMPILER_LAUNCHIMAGE_NAME = LaunchImage;
				GCC_PRECOMPILE_PREFIX_HEADER = YES;
				GCC_PREFIX_HEADER = "Example/IDLWalkThroughExample-Prefix.pch";
				INFOPLIST_FILE = "Example/IDLWalkThroughExample-Info.plist";
				IPHONEOS_DEPLOYMENT_TARGET = 6.0;
				PRODUCT_NAME = IDLWalkThroughExample;
				TARGETED_DEVICE_FAMILY = "1,2";
				WRAPPER_EXTENSION = app;
			};
			name = Release;
		};
		849EC390188E4A6400CAEA3D /* Debug */ = {
			isa = XCBuildConfiguration;
			buildSettings = {
				ARCHS = "$(ARCHS_STANDARD_INCLUDING_64_BIT)";
				BUNDLE_LOADER = "$(BUILT_PRODUCTS_DIR)/GHWalkThrough.app/GHWalkThrough";
				FRAMEWORK_SEARCH_PATHS = (
					"$(SDKROOT)/Developer/Library/Frameworks",
					"$(inherited)",
					"$(DEVELOPER_FRAMEWORKS_DIR)",
				);
				GCC_PRECOMPILE_PREFIX_HEADER = YES;
				GCC_PREFIX_HEADER = "GHWalkThrough/GHWalkThrough-Prefix.pch";
				GCC_PREPROCESSOR_DEFINITIONS = (
					"DEBUG=1",
					"$(inherited)",
				);
				INFOPLIST_FILE = "GHWalkThroughTests/IDLWalkThroughTests-Info.plist";
				PRODUCT_NAME = IDLWalkThroughExampleTests;
				TEST_HOST = "$(BUNDLE_LOADER)";
				WRAPPER_EXTENSION = xctest;
			};
			name = Debug;
		};
		849EC391188E4A6400CAEA3D /* Release */ = {
			isa = XCBuildConfiguration;
			buildSettings = {
				ARCHS = "$(ARCHS_STANDARD_INCLUDING_64_BIT)";
				BUNDLE_LOADER = "$(BUILT_PRODUCTS_DIR)/GHWalkThrough.app/GHWalkThrough";
				FRAMEWORK_SEARCH_PATHS = (
					"$(SDKROOT)/Developer/Library/Frameworks",
					"$(inherited)",
					"$(DEVELOPER_FRAMEWORKS_DIR)",
				);
				GCC_PRECOMPILE_PREFIX_HEADER = YES;
				GCC_PREFIX_HEADER = "GHWalkThrough/GHWalkThrough-Prefix.pch";
				INFOPLIST_FILE = "GHWalkThroughTests/IDLWalkThroughTests-Info.plist";
				PRODUCT_NAME = IDLWalkThroughExampleTests;
				TEST_HOST = "$(BUNDLE_LOADER)";
				WRAPPER_EXTENSION = xctest;
			};
			name = Release;
		};
/* End XCBuildConfiguration section */

/* Begin XCConfigurationList section */
		849EC355188E4A6400CAEA3D /* Build configuration list for PBXProject "IDLWalkThroughExample" */ = {
			isa = XCConfigurationList;
			buildConfigurations = (
				849EC38A188E4A6400CAEA3D /* Debug */,
				849EC38B188E4A6400CAEA3D /* Release */,
			);
			defaultConfigurationIsVisible = 0;
			defaultConfigurationName = Release;
		};
		849EC38C188E4A6400CAEA3D /* Build configuration list for PBXNativeTarget "IDLWalkThroughExample" */ = {
			isa = XCConfigurationList;
			buildConfigurations = (
				849EC38D188E4A6400CAEA3D /* Debug */,
				849EC38E188E4A6400CAEA3D /* Release */,
			);
			defaultConfigurationIsVisible = 0;
			defaultConfigurationName = Release;
		};
		849EC38F188E4A6400CAEA3D /* Build configuration list for PBXNativeTarget "IDLWalkThroughExampleTests" */ = {
			isa = XCConfigurationList;
			buildConfigurations = (
				849EC390188E4A6400CAEA3D /* Debug */,
				849EC391188E4A6400CAEA3D /* Release */,
			);
			defaultConfigurationIsVisible = 0;
			defaultConfigurationName = Release;
		};
/* End XCConfigurationList section */
	};
	rootObject = 849EC352188E4A6400CAEA3D /* Project object */;
}
